// !$*UTF8*$!
{
	archiveVersion = 1;
	classes = {
	};
	objectVersion = 55;
	objects = {

/* Begin PBXBuildFile section */
		DD3E7ECF273BB0E800E11C9A /* CreateMemoViewController.swift in Sources */ = {isa = PBXBuildFile; fileRef = DD3E7ECE273BB0E800E11C9A /* CreateMemoViewController.swift */; };
		DD3E7ED1273D3DF400E11C9A /* CreateMemo.storyboard in Resources */ = {isa = PBXBuildFile; fileRef = DD3E7ED0273D3DF400E11C9A /* CreateMemo.storyboard */; };
		DD3E7ED5273DDC7400E11C9A /* Realm in Frameworks */ = {isa = PBXBuildFile; productRef = DD3E7ED4273DDC7400E11C9A /* Realm */; };
		DD3E7ED7273DDC7400E11C9A /* RealmSwift in Frameworks */ = {isa = PBXBuildFile; productRef = DD3E7ED6273DDC7400E11C9A /* RealmSwift */; };
		DD3E7EDA273DDC8A00E11C9A /* Memo.swift in Sources */ = {isa = PBXBuildFile; fileRef = DD3E7ED9273DDC8A00E11C9A /* Memo.swift */; };
		DD3E7EDD273DF02B00E11C9A /* PersistentService.swift in Sources */ = {isa = PBXBuildFile; fileRef = DD3E7EDC273DF02B00E11C9A /* PersistentService.swift */; };
		DD3E7EDF273E50D400E11C9A /* MemoCell.xib in Resources */ = {isa = PBXBuildFile; fileRef = DD3E7EDE273E50D400E11C9A /* MemoCell.xib */; };
		DD3E7EE1273E52A400E11C9A /* MemoTableViewCell.swift in Sources */ = {isa = PBXBuildFile; fileRef = DD3E7EE0273E52A400E11C9A /* MemoTableViewCell.swift */; };
		DD3E7EE3273E635F00E11C9A /* MemoSectionHeader.xib in Resources */ = {isa = PBXBuildFile; fileRef = DD3E7EE2273E635F00E11C9A /* MemoSectionHeader.xib */; };
		DD3E7EE5273E646000E11C9A /* MemoSectionHeaderView.swift in Sources */ = {isa = PBXBuildFile; fileRef = DD3E7EE4273E646000E11C9A /* MemoSectionHeaderView.swift */; };
		DD3E7EE8273E65A500E11C9A /* NibInstantiable.swift in Sources */ = {isa = PBXBuildFile; fileRef = DD3E7EE7273E65A500E11C9A /* NibInstantiable.swift */; };
		DD72771F273B3BD0003C4AC7 /* AppDelegate.swift in Sources */ = {isa = PBXBuildFile; fileRef = DD72771E273B3BD0003C4AC7 /* AppDelegate.swift */; };
		DD727721273B3BD0003C4AC7 /* SceneDelegate.swift in Sources */ = {isa = PBXBuildFile; fileRef = DD727720273B3BD0003C4AC7 /* SceneDelegate.swift */; };
		DD727728273B3BD2003C4AC7 /* Assets.xcassets in Resources */ = {isa = PBXBuildFile; fileRef = DD727727273B3BD2003C4AC7 /* Assets.xcassets */; };
		DD72772B273B3BD2003C4AC7 /* LaunchScreen.storyboard in Resources */ = {isa = PBXBuildFile; fileRef = DD727729273B3BD2003C4AC7 /* LaunchScreen.storyboard */; };
		DD727733273B3CBD003C4AC7 /* MemoListTableViewController.swift in Sources */ = {isa = PBXBuildFile; fileRef = DD727732273B3CBD003C4AC7 /* MemoListTableViewController.swift */; };
		DD727735273B3CD5003C4AC7 /* MemoList.storyboard in Resources */ = {isa = PBXBuildFile; fileRef = DD727734273B3CD5003C4AC7 /* MemoList.storyboard */; };
/* End PBXBuildFile section */

/* Begin PBXFileReference section */
		DD3E7ECE273BB0E800E11C9A /* CreateMemoViewController.swift */ = {isa = PBXFileReference; lastKnownFileType = sourcecode.swift; path = CreateMemoViewController.swift; sourceTree = "<group>"; };
		DD3E7ED0273D3DF400E11C9A /* CreateMemo.storyboard */ = {isa = PBXFileReference; lastKnownFileType = file.storyboard; path = CreateMemo.storyboard; sourceTree = "<group>"; };
		DD3E7ED9273DDC8A00E11C9A /* Memo.swift */ = {isa = PBXFileReference; lastKnownFileType = sourcecode.swift; path = Memo.swift; sourceTree = "<group>"; };
		DD3E7EDC273DF02B00E11C9A /* PersistentService.swift */ = {isa = PBXFileReference; lastKnownFileType = sourcecode.swift; path = PersistentService.swift; sourceTree = "<group>"; };
		DD3E7EDE273E50D400E11C9A /* MemoCell.xib */ = {isa = PBXFileReference; lastKnownFileType = file.xib; path = MemoCell.xib; sourceTree = "<group>"; };
		DD3E7EE0273E52A400E11C9A /* MemoTableViewCell.swift */ = {isa = PBXFileReference; lastKnownFileType = sourcecode.swift; path = MemoTableViewCell.swift; sourceTree = "<group>"; };
		DD3E7EE2273E635F00E11C9A /* MemoSectionHeader.xib */ = {isa = PBXFileReference; lastKnownFileType = file.xib; path = MemoSectionHeader.xib; sourceTree = "<group>"; };
		DD3E7EE4273E646000E11C9A /* MemoSectionHeaderView.swift */ = {isa = PBXFileReference; lastKnownFileType = sourcecode.swift; path = MemoSectionHeaderView.swift; sourceTree = "<group>"; };
		DD3E7EE7273E65A500E11C9A /* NibInstantiable.swift */ = {isa = PBXFileReference; lastKnownFileType = sourcecode.swift; path = NibInstantiable.swift; sourceTree = "<group>"; };
		DD72771B273B3BD0003C4AC7 /* MeeMoo.app */ = {isa = PBXFileReference; explicitFileType = wrapper.application; includeInIndex = 0; path = MeeMoo.app; sourceTree = BUILT_PRODUCTS_DIR; };
		DD72771E273B3BD0003C4AC7 /* AppDelegate.swift */ = {isa = PBXFileReference; lastKnownFileType = sourcecode.swift; path = AppDelegate.swift; sourceTree = "<group>"; };
		DD727720273B3BD0003C4AC7 /* SceneDelegate.swift */ = {isa = PBXFileReference; lastKnownFileType = sourcecode.swift; path = SceneDelegate.swift; sourceTree = "<group>"; };
		DD727727273B3BD2003C4AC7 /* Assets.xcassets */ = {isa = PBXFileReference; lastKnownFileType = folder.assetcatalog; path = Assets.xcassets; sourceTree = "<group>"; };
		DD72772A273B3BD2003C4AC7 /* Base */ = {isa = PBXFileReference; lastKnownFileType = file.storyboard; name = Base; path = Base.lproj/LaunchScreen.storyboard; sourceTree = "<group>"; };
		DD72772C273B3BD2003C4AC7 /* Info.plist */ = {isa = PBXFileReference; lastKnownFileType = text.plist.xml; path = Info.plist; sourceTree = "<group>"; };
		DD727732273B3CBD003C4AC7 /* MemoListTableViewController.swift */ = {isa = PBXFileReference; lastKnownFileType = sourcecode.swift; path = MemoListTableViewController.swift; sourceTree = "<group>"; };
		DD727734273B3CD5003C4AC7 /* MemoList.storyboard */ = {isa = PBXFileReference; lastKnownFileType = file.storyboard; path = MemoList.storyboard; sourceTree = "<group>"; };
/* End PBXFileReference section */

/* Begin PBXFrameworksBuildPhase section */
		DD727718273B3BD0003C4AC7 /* Frameworks */ = {
			isa = PBXFrameworksBuildPhase;
			buildActionMask = 2147483647;
			files = (
				DD3E7ED7273DDC7400E11C9A /* RealmSwift in Frameworks */,
				DD3E7ED5273DDC7400E11C9A /* Realm in Frameworks */,
			);
			runOnlyForDeploymentPostprocessing = 0;
		};
/* End PBXFrameworksBuildPhase section */

/* Begin PBXGroup section */
		DD3E7ED2273D409100E11C9A /* Supporting Files */ = {
			isa = PBXGroup;
			children = (
				DD72771E273B3BD0003C4AC7 /* AppDelegate.swift */,
				DD727720273B3BD0003C4AC7 /* SceneDelegate.swift */,
				DD727727273B3BD2003C4AC7 /* Assets.xcassets */,
				DD727729273B3BD2003C4AC7 /* LaunchScreen.storyboard */,
				DD72772C273B3BD2003C4AC7 /* Info.plist */,
			);
			path = "Supporting Files";
			sourceTree = "<group>";
		};
		DD3E7ED8273DDC7D00E11C9A /* Model */ = {
			isa = PBXGroup;
			children = (
				DD3E7ED9273DDC8A00E11C9A /* Memo.swift */,
			);
			path = Model;
			sourceTree = "<group>";
		};
		DD3E7EDB273DF00000E11C9A /* Service */ = {
			isa = PBXGroup;
			children = (
				DD3E7EDC273DF02B00E11C9A /* PersistentService.swift */,
			);
			path = Service;
			sourceTree = "<group>";
		};
		DD3E7EE6273E659800E11C9A /* Protocol */ = {
			isa = PBXGroup;
			children = (
				DD3E7EE7273E65A500E11C9A /* NibInstantiable.swift */,
			);
			path = Protocol;
			sourceTree = "<group>";
		};
		DD727712273B3BD0003C4AC7 = {
			isa = PBXGroup;
			children = (
				DD72771D273B3BD0003C4AC7 /* MeeMoo */,
				DD72771C273B3BD0003C4AC7 /* Products */,
			);
			sourceTree = "<group>";
		};
		DD72771C273B3BD0003C4AC7 /* Products */ = {
			isa = PBXGroup;
			children = (
				DD72771B273B3BD0003C4AC7 /* MeeMoo.app */,
			);
			name = Products;
			sourceTree = "<group>";
		};
		DD72771D273B3BD0003C4AC7 /* MeeMoo */ = {
			isa = PBXGroup;
			children = (
				DD3E7EE6273E659800E11C9A /* Protocol */,
				DD3E7EDB273DF00000E11C9A /* Service */,
				DD3E7ED8273DDC7D00E11C9A /* Model */,
				DD3E7ED2273D409100E11C9A /* Supporting Files */,
				DD727732273B3CBD003C4AC7 /* MemoListTableViewController.swift */,
				DD3E7ECE273BB0E800E11C9A /* CreateMemoViewController.swift */,
				DD727734273B3CD5003C4AC7 /* MemoList.storyboard */,
				DD3E7ED0273D3DF400E11C9A /* CreateMemo.storyboard */,
				DD3E7EDE273E50D400E11C9A /* MemoCell.xib */,
				DD3E7EE0273E52A400E11C9A /* MemoTableViewCell.swift */,
				DD3E7EE2273E635F00E11C9A /* MemoSectionHeader.xib */,
				DD3E7EE4273E646000E11C9A /* MemoSectionHeaderView.swift */,
			);
			path = MeeMoo;
			sourceTree = "<group>";
		};
/* End PBXGroup section */

/* Begin PBXNativeTarget section */
		DD72771A273B3BD0003C4AC7 /* MeeMoo */ = {
			isa = PBXNativeTarget;
			buildConfigurationList = DD72772F273B3BD2003C4AC7 /* Build configuration list for PBXNativeTarget "MeeMoo" */;
			buildPhases = (
				DD727717273B3BD0003C4AC7 /* Sources */,
				DD727718273B3BD0003C4AC7 /* Frameworks */,
				DD727719273B3BD0003C4AC7 /* Resources */,
			);
			buildRules = (
			);
			dependencies = (
			);
			name = MeeMoo;
			packageProductDependencies = (
				DD3E7ED4273DDC7400E11C9A /* Realm */,
				DD3E7ED6273DDC7400E11C9A /* RealmSwift */,
			);
			productName = MeeMoo;
			productReference = DD72771B273B3BD0003C4AC7 /* MeeMoo.app */;
			productType = "com.apple.product-type.application";
		};
/* End PBXNativeTarget section */

/* Begin PBXProject section */
		DD727713273B3BD0003C4AC7 /* Project object */ = {
			isa = PBXProject;
			attributes = {
				BuildIndependentTargetsInParallel = 1;
				LastSwiftUpdateCheck = 1310;
				LastUpgradeCheck = 1310;
				TargetAttributes = {
					DD72771A273B3BD0003C4AC7 = {
						CreatedOnToolsVersion = 13.1;
					};
				};
			};
			buildConfigurationList = DD727716273B3BD0003C4AC7 /* Build configuration list for PBXProject "MeeMoo" */;
			compatibilityVersion = "Xcode 13.0";
			developmentRegion = en;
			hasScannedForEncodings = 0;
			knownRegions = (
				en,
				Base,
			);
			mainGroup = DD727712273B3BD0003C4AC7;
			packageReferences = (
				DD3E7ED3273DDC7400E11C9A /* XCRemoteSwiftPackageReference "realm-cocoa" */,
			);
			productRefGroup = DD72771C273B3BD0003C4AC7 /* Products */;
			projectDirPath = "";
			projectRoot = "";
			targets = (
				DD72771A273B3BD0003C4AC7 /* MeeMoo */,
			);
		};
/* End PBXProject section */

/* Begin PBXResourcesBuildPhase section */
		DD727719273B3BD0003C4AC7 /* Resources */ = {
			isa = PBXResourcesBuildPhase;
			buildActionMask = 2147483647;
			files = (
				DD727735273B3CD5003C4AC7 /* MemoList.storyboard in Resources */,
				DD72772B273B3BD2003C4AC7 /* LaunchScreen.storyboard in Resources */,
				DD3E7EE3273E635F00E11C9A /* MemoSectionHeader.xib in Resources */,
				DD3E7ED1273D3DF400E11C9A /* CreateMemo.storyboard in Resources */,
				DD3E7EDF273E50D400E11C9A /* MemoCell.xib in Resources */,
				DD727728273B3BD2003C4AC7 /* Assets.xcassets in Resources */,
			);
			runOnlyForDeploymentPostprocessing = 0;
		};
/* End PBXResourcesBuildPhase section */

/* Begin PBXSourcesBuildPhase section */
		DD727717273B3BD0003C4AC7 /* Sources */ = {
			isa = PBXSourcesBuildPhase;
			buildActionMask = 2147483647;
			files = (
				DD3E7EDD273DF02B00E11C9A /* PersistentService.swift in Sources */,
				DD72771F273B3BD0003C4AC7 /* AppDelegate.swift in Sources */,
				DD727721273B3BD0003C4AC7 /* SceneDelegate.swift in Sources */,
				DD3E7EE1273E52A400E11C9A /* MemoTableViewCell.swift in Sources */,
				DD3E7ECF273BB0E800E11C9A /* CreateMemoViewController.swift in Sources */,
				DD3E7EE5273E646000E11C9A /* MemoSectionHeaderView.swift in Sources */,
				DD727733273B3CBD003C4AC7 /* MemoListTableViewController.swift in Sources */,
				DD3E7EE8273E65A500E11C9A /* NibInstantiable.swift in Sources */,
				DD3E7EDA273DDC8A00E11C9A /* Memo.swift in Sources */,
			);
			runOnlyForDeploymentPostprocessing = 0;
		};
/* End PBXSourcesBuildPhase section */

/* Begin PBXVariantGroup section */
		DD727729273B3BD2003C4AC7 /* LaunchScreen.storyboard */ = {
			isa = PBXVariantGroup;
			children = (
				DD72772A273B3BD2003C4AC7 /* Base */,
			);
			name = LaunchScreen.storyboard;
			sourceTree = "<group>";
		};
/* End PBXVariantGroup section */

/* Begin XCBuildConfiguration section */
		DD72772D273B3BD2003C4AC7 /* Debug */ = {
			isa = XCBuildConfiguration;
			buildSettings = {
				ALWAYS_SEARCH_USER_PATHS = NO;
				CLANG_ANALYZER_NONNULL = YES;
				CLANG_ANALYZER_NUMBER_OBJECT_CONVERSION = YES_AGGRESSIVE;
				CLANG_CXX_LANGUAGE_STANDARD = "gnu++17";
				CLANG_CXX_LIBRARY = "libc++";
				CLANG_ENABLE_MODULES = YES;
				CLANG_ENABLE_OBJC_ARC = YES;
				CLANG_ENABLE_OBJC_WEAK = YES;
				CLANG_WARN_BLOCK_CAPTURE_AUTORELEASING = YES;
				CLANG_WARN_BOOL_CONVERSION = YES;
				CLANG_WARN_COMMA = YES;
				CLANG_WARN_CONSTANT_CONVERSION = YES;
				CLANG_WARN_DEPRECATED_OBJC_IMPLEMENTATIONS = YES;
				CLANG_WARN_DIRECT_OBJC_ISA_USAGE = YES_ERROR;
				CLANG_WARN_DOCUMENTATION_COMMENTS = YES;
				CLANG_WARN_EMPTY_BODY = YES;
				CLANG_WARN_ENUM_CONVERSION = YES;
				CLANG_WARN_INFINITE_RECURSION = YES;
				CLANG_WARN_INT_CONVERSION = YES;
				CLANG_WARN_NON_LITERAL_NULL_CONVERSION = YES;
				CLANG_WARN_OBJC_IMPLICIT_RETAIN_SELF = YES;
				CLANG_WARN_OBJC_LITERAL_CONVERSION = YES;
				CLANG_WARN_OBJC_ROOT_CLASS = YES_ERROR;
				CLANG_WARN_QUOTED_INCLUDE_IN_FRAMEWORK_HEADER = YES;
				CLANG_WARN_RANGE_LOOP_ANALYSIS = YES;
				CLANG_WARN_STRICT_PROTOTYPES = YES;
				CLANG_WARN_SUSPICIOUS_MOVE = YES;
				CLANG_WARN_UNGUARDED_AVAILABILITY = YES_AGGRESSIVE;
				CLANG_WARN_UNREACHABLE_CODE = YES;
				CLANG_WARN__DUPLICATE_METHOD_MATCH = YES;
				COPY_PHASE_STRIP = NO;
				DEBUG_INFORMATION_FORMAT = dwarf;
				ENABLE_STRICT_OBJC_MSGSEND = YES;
				ENABLE_TESTABILITY = YES;
				GCC_C_LANGUAGE_STANDARD = gnu11;
				GCC_DYNAMIC_NO_PIC = NO;
				GCC_NO_COMMON_BLOCKS = YES;
				GCC_OPTIMIZATION_LEVEL = 0;
				GCC_PREPROCESSOR_DEFINITIONS = (
					"DEBUG=1",
					"$(inherited)",
				);
				GCC_WARN_64_TO_32_BIT_CONVERSION = YES;
				GCC_WARN_ABOUT_RETURN_TYPE = YES_ERROR;
				GCC_WARN_UNDECLARED_SELECTOR = YES;
				GCC_WARN_UNINITIALIZED_AUTOS = YES_AGGRESSIVE;
				GCC_WARN_UNUSED_FUNCTION = YES;
				GCC_WARN_UNUSED_VARIABLE = YES;
				IPHONEOS_DEPLOYMENT_TARGET = 15.0;
				MTL_ENABLE_DEBUG_INFO = INCLUDE_SOURCE;
				MTL_FAST_MATH = YES;
				ONLY_ACTIVE_ARCH = YES;
				SDKROOT = iphoneos;
				SWIFT_ACTIVE_COMPILATION_CONDITIONS = DEBUG;
				SWIFT_OPTIMIZATION_LEVEL = "-Onone";
			};
			name = Debug;
		};
		DD72772E273B3BD2003C4AC7 /* Release */ = {
			isa = XCBuildConfiguration;
			buildSettings = {
				ALWAYS_SEARCH_USER_PATHS = NO;
				CLANG_ANALYZER_NONNULL = YES;
				CLANG_ANALYZER_NUMBER_OBJECT_CONVERSION = YES_AGGRESSIVE;
				CLANG_CXX_LANGUAGE_STANDARD = "gnu++17";
				CLANG_CXX_LIBRARY = "libc++";
				CLANG_ENABLE_MODULES = YES;
				CLANG_ENABLE_OBJC_ARC = YES;
				CLANG_ENABLE_OBJC_WEAK = YES;
				CLANG_WARN_BLOCK_CAPTURE_AUTORELEASING = YES;
				CLANG_WARN_BOOL_CONVERSION = YES;
				CLANG_WARN_COMMA = YES;
				CLANG_WARN_CONSTANT_CONVERSION = YES;
				CLANG_WARN_DEPRECATED_OBJC_IMPLEMENTATIONS = YES;
				CLANG_WARN_DIRECT_OBJC_ISA_USAGE = YES_ERROR;
				CLANG_WARN_DOCUMENTATION_COMMENTS = YES;
				CLANG_WARN_EMPTY_BODY = YES;
				CLANG_WARN_ENUM_CONVERSION = YES;
				CLANG_WARN_INFINITE_RECURSION = YES;
				CLANG_WARN_INT_CONVERSION = YES;
				CLANG_WARN_NON_LITERAL_NULL_CONVERSION = YES;
				CLANG_WARN_OBJC_IMPLICIT_RETAIN_SELF = YES;
				CLANG_WARN_OBJC_LITERAL_CONVERSION = YES;
				CLANG_WARN_OBJC_ROOT_CLASS = YES_ERROR;
				CLANG_WARN_QUOTED_INCLUDE_IN_FRAMEWORK_HEADER = YES;
				CLANG_WARN_RANGE_LOOP_ANALYSIS = YES;
				CLANG_WARN_STRICT_PROTOTYPES = YES;
				CLANG_WARN_SUSPICIOUS_MOVE = YES;
				CLANG_WARN_UNGUARDED_AVAILABILITY = YES_AGGRESSIVE;
				CLANG_WARN_UNREACHABLE_CODE = YES;
				CLANG_WARN__DUPLICATE_METHOD_MATCH = YES;
				COPY_PHASE_STRIP = NO;
				DEBUG_INFORMATION_FORMAT = "dwarf-with-dsym";
				ENABLE_NS_ASSERTIONS = NO;
				ENABLE_STRICT_OBJC_MSGSEND = YES;
				GCC_C_LANGUAGE_STANDARD = gnu11;
				GCC_NO_COMMON_BLOCKS = YES;
				GCC_WARN_64_TO_32_BIT_CONVERSION = YES;
				GCC_WARN_ABOUT_RETURN_TYPE = YES_ERROR;
				GCC_WARN_UNDECLARED_SELECTOR = YES;
				GCC_WARN_UNINITIALIZED_AUTOS = YES_AGGRESSIVE;
				GCC_WARN_UNUSED_FUNCTION = YES;
				GCC_WARN_UNUSED_VARIABLE = YES;
				IPHONEOS_DEPLOYMENT_TARGET = 15.0;
				MTL_ENABLE_DEBUG_INFO = NO;
				MTL_FAST_MATH = YES;
				SDKROOT = iphoneos;
				SWIFT_COMPILATION_MODE = wholemodule;
				SWIFT_OPTIMIZATION_LEVEL = "-O";
				VALIDATE_PRODUCT = YES;
			};
			name = Release;
		};
		DD727730273B3BD2003C4AC7 /* Debug */ = {
			isa = XCBuildConfiguration;
			buildSettings = {
				ASSETCATALOG_COMPILER_APPICON_NAME = AppIcon;
				ASSETCATALOG_COMPILER_GLOBAL_ACCENT_COLOR_NAME = AccentColor;
				CODE_SIGN_STYLE = Automatic;
				CURRENT_PROJECT_VERSION = 1;
				DEVELOPMENT_TEAM = WL7H63J22B;
				GENERATE_INFOPLIST_FILE = YES;
				INFOPLIST_FILE = "MeeMoo/Supporting Files/Info.plist";
				INFOPLIST_KEY_UIApplicationSupportsIndirectInputEvents = YES;
				INFOPLIST_KEY_UILaunchStoryboardName = LaunchScreen;
				INFOPLIST_KEY_UIMainStoryboardFile = MemoList;
				INFOPLIST_KEY_UISupportedInterfaceOrientations_iPad = "UIInterfaceOrientationPortrait UIInterfaceOrientationPortraitUpsideDown UIInterfaceOrientationLandscapeLeft UIInterfaceOrientationLandscapeRight";
				INFOPLIST_KEY_UISupportedInterfaceOrientations_iPhone = "UIInterfaceOrientationPortrait UIInterfaceOrientationLandscapeLeft UIInterfaceOrientationLandscapeRight";
				IPHONEOS_DEPLOYMENT_TARGET = 13.0;
				LD_RUNPATH_SEARCH_PATHS = (
					"$(inherited)",
					"@executable_path/Frameworks",
				);
				MARKETING_VERSION = 1.0;
				PRODUCT_BUNDLE_IDENTIFIER = net.woozzang.MeeMoo;
				PRODUCT_NAME = "$(TARGET_NAME)";
				SWIFT_EMIT_LOC_STRINGS = YES;
				SWIFT_VERSION = 5.0;
				TARGETED_DEVICE_FAMILY = 1;
			};
			name = Debug;
		};
		DD727731273B3BD2003C4AC7 /* Release */ = {
			isa = XCBuildConfiguration;
			buildSettings = {
				ASSETCATALOG_COMPILER_APPICON_NAME = AppIcon;
				ASSETCATALOG_COMPILER_GLOBAL_ACCENT_COLOR_NAME = AccentColor;
				CODE_SIGN_STYLE = Automatic;
				CURRENT_PROJECT_VERSION = 1;
				DEVELOPMENT_TEAM = WL7H63J22B;
				GENERATE_INFOPLIST_FILE = YES;
				INFOPLIST_FILE = "MeeMoo/Supporting Files/Info.plist";
				INFOPLIST_KEY_UIApplicationSupportsIndirectInputEvents = YES;
				INFOPLIST_KEY_UILaunchStoryboardName = LaunchScreen;
				INFOPLIST_KEY_UIMainStoryboardFile = MemoList;
				INFOPLIST_KEY_UISupportedInterfaceOrientations_iPad = "UIInterfaceOrientationPortrait UIInterfaceOrientationPortraitUpsideDown UIInterfaceOrientationLandscapeLeft UIInterfaceOrientationLandscapeRight";
				INFOPLIST_KEY_UISupportedInterfaceOrientations_iPhone = "UIInterfaceOrientationPortrait UIInterfaceOrientationLandscapeLeft UIInterfaceOrientationLandscapeRight";
				IPHONEOS_DEPLOYMENT_TARGET = 13.0;
				LD_RUNPATH_SEARCH_PATHS = (
					"$(inherited)",
					"@executable_path/Frameworks",
				);
				MARKETING_VERSION = 1.0;
				PRODUCT_BUNDLE_IDENTIFIER = net.woozzang.MeeMoo;
				PRODUCT_NAME = "$(TARGET_NAME)";
				SWIFT_EMIT_LOC_STRINGS = YES;
				SWIFT_VERSION = 5.0;
				TARGETED_DEVICE_FAMILY = 1;
			};
			name = Release;
		};
/* End XCBuildConfiguration section */

/* Begin XCConfigurationList section */
		DD727716273B3BD0003C4AC7 /* Build configuration list for PBXProject "MeeMoo" */ = {
			isa = XCConfigurationList;
			buildConfigurations = (
				DD72772D273B3BD2003C4AC7 /* Debug */,
				DD72772E273B3BD2003C4AC7 /* Release */,
			);
			defaultConfigurationIsVisible = 0;
			defaultConfigurationName = Release;
		};
		DD72772F273B3BD2003C4AC7 /* Build configuration list for PBXNativeTarget "MeeMoo" */ = {
			isa = XCConfigurationList;
			buildConfigurations = (
				DD727730273B3BD2003C4AC7 /* Debug */,
				DD727731273B3BD2003C4AC7 /* Release */,
			);
			defaultConfigurationIsVisible = 0;
			defaultConfigurationName = Release;
		};
/* End XCConfigurationList section */

/* Begin XCRemoteSwiftPackageReference section */
		DD3E7ED3273DDC7400E11C9A /* XCRemoteSwiftPackageReference "realm-cocoa" */ = {
			isa = XCRemoteSwiftPackageReference;
			repositoryURL = "https://github.com/realm/realm-cocoa.git";
			requirement = {
				kind = upToNextMajorVersion;
				minimumVersion = 10.18.0;
			};
		};
/* End XCRemoteSwiftPackageReference section */

/* Begin XCSwiftPackageProductDependency section */
		DD3E7ED4273DDC7400E11C9A /* Realm */ = {
			isa = XCSwiftPackageProductDependency;
			package = DD3E7ED3273DDC7400E11C9A /* XCRemoteSwiftPackageReference "realm-cocoa" */;
			productName = Realm;
		};
		DD3E7ED6273DDC7400E11C9A /* RealmSwift */ = {
			isa = XCSwiftPackageProductDependency;
			package = DD3E7ED3273DDC7400E11C9A /* XCRemoteSwiftPackageReference "realm-cocoa" */;
			productName = RealmSwift;
		};
/* End XCSwiftPackageProductDependency section */
	};
	rootObject = DD727713273B3BD0003C4AC7 /* Project object */;
}
